
Microsoft Visual Studio Solution File, Format Version 12.00
# Visual Studio 15
VisualStudioVersion = 15.0.27428.2005
MinimumVisualStudioVersion = 10.0.40219.1
Project("{FAE04EC0-301F-11D3-BF4B-00C04F79EFBC}") = "RedisDemoConsole", "RedisDemoConsole\RedisDemoConsole.csproj", "{55C1AB0E-42CC-4EC5-B00D-6B3659D38E84}"
EndProject
Global
	GlobalSection(SolutionConfigurationPlatforms) = preSolution
		Debug|Any CPU = Debug|Any CPU
		Release|Any CPU = Release|Any CPU
	EndGlobalSection
	GlobalSection(ProjectConfigurationPlatforms) = postSolution
		{55C1AB0E-42CC-4EC5-B00D-6B3659D38E84}.Debug|Any CPU.ActiveCfg = Debug|Any CPU
		{55C1AB0E-42CC-4EC5-B00D-6B3659D38E84}.Debug|Any CPU.Build.0 = Debug|Any CPU
		{55C1AB0E-42CC-4EC5-B00D-6B3659D38E84}.Release|Any CPU.ActiveCfg = Release|Any CPU
		{55C1AB0E-42CC-4EC5-B00D-6B3659D38E84}.Release|Any CPU.Build.0 = Release|Any CPU
	EndGlobalSection
	GlobalSection(SolutionProperties) = preSolution
		HideSolutionNode = FALSE
	EndGlobalSection
	GlobalSection(ExtensibilityGlobals) = postSolution
		SolutionGuid = {A479AB5B-22EB-4C5B-AA6E-BC91526B02F5}
	EndGlobalSection
EndGlobal
